
Microsoft Visual Studio Solution File, Format Version 12.00
# Visual Studio Version 17
VisualStudioVersion = 17.4.33110.190
MinimumVisualStudioVersion = 10.0.40219.1
Project("{9A19103F-16F7-4668-BE54-9A1E7A4F7556}") = "Calendar.CalendarConsole", "Calendar\Calendar.CalendarConsole.csproj", "{E804F401-2EFF-434F-91D1-B17C8DE0B88F}"
EndProject
Project("{9A19103F-16F7-4668-BE54-9A1E7A4F7556}") = "Calendar.Domain", "Calendar.Domain\Calendar.Domain.csproj", "{203F0AF5-5C94-42BF-B3DF-AFAFCA4A2C48}"
EndProject
Project("{9A19103F-16F7-4668-BE54-9A1E7A4F7556}") = "Calendar.Contracts", "Calendar.Contracts\Calendar.Contracts.csproj", "{DA28C1E3-AA28-45FD-A3C9-2551FE0E013B}"
EndProject
Project("{9A19103F-16F7-4668-BE54-9A1E7A4F7556}") = "Calendar.ConsoleArgumentsParser", "Calendar.ConsoleArgumentsParser\Calendar.ConsoleArgumentsParser.csproj", "{57D1C327-E867-4B1F-BEAE-3A7E64CD321B}"
EndProject
Global
	GlobalSection(SolutionConfigurationPlatforms) = preSolution
		Debug|Any CPU = Debug|Any CPU
		Release|Any CPU = Release|Any CPU
	EndGlobalSection
	GlobalSection(ProjectConfigurationPlatforms) = postSolution
		{E804F401-2EFF-434F-91D1-B17C8DE0B88F}.Debug|Any CPU.ActiveCfg = Debug|Any CPU
		{E804F401-2EFF-434F-91D1-B17C8DE0B88F}.Debug|Any CPU.Build.0 = Debug|Any CPU
		{E804F401-2EFF-434F-91D1-B17C8DE0B88F}.Release|Any CPU.ActiveCfg = Release|Any CPU
		{E804F401-2EFF-434F-91D1-B17C8DE0B88F}.Release|Any CPU.Build.0 = Release|Any CPU
		{203F0AF5-5C94-42BF-B3DF-AFAFCA4A2C48}.Debug|Any CPU.ActiveCfg = Debug|Any CPU
		{203F0AF5-5C94-42BF-B3DF-AFAFCA4A2C48}.Debug|Any CPU.Build.0 = Debug|Any CPU
		{203F0AF5-5C94-42BF-B3DF-AFAFCA4A2C48}.Release|Any CPU.ActiveCfg = Release|Any CPU
		{203F0AF5-5C94-42BF-B3DF-AFAFCA4A2C48}.Release|Any CPU.Build.0 = Release|Any CPU
		{DA28C1E3-AA28-45FD-A3C9-2551FE0E013B}.Debug|Any CPU.ActiveCfg = Debug|Any CPU
		{DA28C1E3-AA28-45FD-A3C9-2551FE0E013B}.Debug|Any CPU.Build.0 = Debug|Any CPU
		{DA28C1E3-AA28-45FD-A3C9-2551FE0E013B}.Release|Any CPU.ActiveCfg = Release|Any CPU
		{DA28C1E3-AA28-45FD-A3C9-2551FE0E013B}.Release|Any CPU.Build.0 = Release|Any CPU
		{57D1C327-E867-4B1F-BEAE-3A7E64CD321B}.Debug|Any CPU.ActiveCfg = Debug|Any CPU
		{57D1C327-E867-4B1F-BEAE-3A7E64CD321B}.Debug|Any CPU.Build.0 = Debug|Any CPU
		{57D1C327-E867-4B1F-BEAE-3A7E64CD321B}.Release|Any CPU.ActiveCfg = Release|Any CPU
		{57D1C327-E867-4B1F-BEAE-3A7E64CD321B}.Release|Any CPU.Build.0 = Release|Any CPU
	EndGlobalSection
	GlobalSection(SolutionProperties) = preSolution
		HideSolutionNode = FALSE
	EndGlobalSection
	GlobalSection(ExtensibilityGlobals) = postSolution
		SolutionGuid = {68145A1F-8FA2-4509-A1B3-3137BF04332B}
	EndGlobalSection
EndGlobal
